
Microsoft Visual Studio Solution File, Format Version 12.00
# Visual Studio Version 17
VisualStudioVersion = 17.14.36310.24 d17.14
MinimumVisualStudioVersion = 10.0.40219.1
Project("{FAE04EC0-301F-11D3-BF4B-00C04F79EFBC}") = "LinqConsoleLab.EN", "LinqConsoleLab.EN.csproj", "{BE0B81D3-3DF6-F4EA-42A7-2CE69EAB581B}"
EndProject
Global
	GlobalSection(SolutionConfigurationPlatforms) = preSolution
		Debug|Any CPU = Debug|Any CPU
		Release|Any CPU = Release|Any CPU
	EndGlobalSection
	GlobalSection(ProjectConfigurationPlatforms) = postSolution
		{BE0B81D3-3DF6-F4EA-42A7-2CE69EAB581B}.Debug|Any CPU.ActiveCfg = Debug|Any CPU
		{BE0B81D3-3DF6-F4EA-42A7-2CE69EAB581B}.Debug|Any CPU.Build.0 = Debug|Any CPU
		{BE0B81D3-3DF6-F4EA-42A7-2CE69EAB581B}.Release|Any CPU.ActiveCfg = Release|Any CPU
		{BE0B81D3-3DF6-F4EA-42A7-2CE69EAB581B}.Release|Any CPU.Build.0 = Release|Any CPU
	EndGlobalSection
	GlobalSection(SolutionProperties) = preSolution
		HideSolutionNode = FALSE
	EndGlobalSection
	GlobalSection(ExtensibilityGlobals) = postSolution
		SolutionGuid = {0F1FCFC8-D8AB-430B-AE94-C7A6BE042B12}
	EndGlobalSection
EndGlobal
